
Microsoft Visual Studio Solution File, Format Version 12.00
# Visual Studio Version 17
VisualStudioVersion = 17.4.33213.308
MinimumVisualStudioVersion = 10.0.40219.1
Project("{9A19103F-16F7-4668-BE54-9A1E7A4F7556}") = "SnaptrudeManagerAddin", "SnaptrudeManagerAddin\SnaptrudeManagerAddin.csproj", "{8554E5C2-B113-4298-8AF3-FCB0BC6251E8}"
EndProject
Project("{9A19103F-16F7-4668-BE54-9A1E7A4F7556}") = "SnaptrudeForgeExport", "SnaptrudeForgeExport\SnaptrudeForgeExport.csproj", "{0A89A8DD-10C0-40D0-8225-12CAE6DF19B2}"
EndProject
Project("{D954291E-2A0B-460D-934E-DC6B0785DB48}") = "TrudeImporter", "TrudeImporter\TrudeImporter.shproj", "{32CC7E8C-1571-4044-9EB7-4D662C104917}"
EndProject
Project("{D954291E-2A0B-460D-934E-DC6B0785DB48}") = "TrudeSerializer", "TrudeSerializer\TrudeSerializer.shproj", "{8D197602-7456-410D-B7E9-A9069A7EAE81}"
EndProject
Project("{9A19103F-16F7-4668-BE54-9A1E7A4F7556}") = "UnitTests", "UnitTests\UnitTests.csproj", "{C2A18941-D339-46C9-AAA7-448D4AAECACA}"
EndProject
Project("{9A19103F-16F7-4668-BE54-9A1E7A4F7556}") = "DirectImport", "DirectImport\DirectImport.csproj", "{FE13950C-D0D5-4AB2-8461-A6AEA482A35D}"
EndProject
Global
	GlobalSection(SolutionConfigurationPlatforms) = preSolution
		2019|Any CPU = 2019|Any CPU
		2019|x64 = 2019|x64
		2020|Any CPU = 2020|Any CPU
		2020|x64 = 2020|x64
		2021|Any CPU = 2021|Any CPU
		2021|x64 = 2021|x64
		2022|Any CPU = 2022|Any CPU
		2022|x64 = 2022|x64
		2023|Any CPU = 2023|Any CPU
		2023|x64 = 2023|x64
		2024|Any CPU = 2024|Any CPU
		2024|x64 = 2024|x64
	EndGlobalSection
	GlobalSection(ProjectConfigurationPlatforms) = postSolution
		{8554E5C2-B113-4298-8AF3-FCB0BC6251E8}.2019|Any CPU.ActiveCfg = 2019|Any CPU
		{8554E5C2-B113-4298-8AF3-FCB0BC6251E8}.2019|Any CPU.Build.0 = 2019|Any CPU
		{8554E5C2-B113-4298-8AF3-FCB0BC6251E8}.2019|x64.ActiveCfg = Release|Any CPU
		{8554E5C2-B113-4298-8AF3-FCB0BC6251E8}.2019|x64.Build.0 = Release|Any CPU
		{8554E5C2-B113-4298-8AF3-FCB0BC6251E8}.2020|Any CPU.ActiveCfg = 2020|Any CPU
		{8554E5C2-B113-4298-8AF3-FCB0BC6251E8}.2020|Any CPU.Build.0 = 2020|Any CPU
		{8554E5C2-B113-4298-8AF3-FCB0BC6251E8}.2020|x64.ActiveCfg = Release|Any CPU
		{8554E5C2-B113-4298-8AF3-FCB0BC6251E8}.2020|x64.Build.0 = Release|Any CPU
		{8554E5C2-B113-4298-8AF3-FCB0BC6251E8}.2021|Any CPU.ActiveCfg = 2021|Any CPU
		{8554E5C2-B113-4298-8AF3-FCB0BC6251E8}.2021|Any CPU.Build.0 = 2021|Any CPU
		{8554E5C2-B113-4298-8AF3-FCB0BC6251E8}.2021|x64.ActiveCfg = Release|Any CPU
		{8554E5C2-B113-4298-8AF3-FCB0BC6251E8}.2021|x64.Build.0 = Release|Any CPU
		{8554E5C2-B113-4298-8AF3-FCB0BC6251E8}.2022|Any CPU.ActiveCfg = 2022|Any CPU
		{8554E5C2-B113-4298-8AF3-FCB0BC6251E8}.2022|Any CPU.Build.0 = 2022|Any CPU
		{8554E5C2-B113-4298-8AF3-FCB0BC6251E8}.2022|x64.ActiveCfg = Release|Any CPU
		{8554E5C2-B113-4298-8AF3-FCB0BC6251E8}.2022|x64.Build.0 = Release|Any CPU
		{8554E5C2-B113-4298-8AF3-FCB0BC6251E8}.2023|Any CPU.ActiveCfg = 2023|Any CPU
		{8554E5C2-B113-4298-8AF3-FCB0BC6251E8}.2023|Any CPU.Build.0 = 2023|Any CPU
		{8554E5C2-B113-4298-8AF3-FCB0BC6251E8}.2023|x64.ActiveCfg = Release|Any CPU
		{8554E5C2-B113-4298-8AF3-FCB0BC6251E8}.2023|x64.Build.0 = Release|Any CPU
		{8554E5C2-B113-4298-8AF3-FCB0BC6251E8}.2024|Any CPU.ActiveCfg = 2024|Any CPU
		{8554E5C2-B113-4298-8AF3-FCB0BC6251E8}.2024|Any CPU.Build.0 = 2024|Any CPU
		{8554E5C2-B113-4298-8AF3-FCB0BC6251E8}.2024|x64.ActiveCfg = Release|Any CPU
		{8554E5C2-B113-4298-8AF3-FCB0BC6251E8}.2024|x64.Build.0 = Release|Any CPU
		{0A89A8DD-10C0-40D0-8225-12CAE6DF19B2}.2019|Any CPU.ActiveCfg = 2019|Any CPU
		{0A89A8DD-10C0-40D0-8225-12CAE6DF19B2}.2019|Any CPU.Build.0 = 2019|Any CPU
		{0A89A8DD-10C0-40D0-8225-12CAE6DF19B2}.2019|x64.ActiveCfg = Release|x64
		{0A89A8DD-10C0-40D0-8225-12CAE6DF19B2}.2019|x64.Build.0 = Release|x64
		{0A89A8DD-10C0-40D0-8225-12CAE6DF19B2}.2020|Any CPU.ActiveCfg = 2020|Any CPU
		{0A89A8DD-10C0-40D0-8225-12CAE6DF19B2}.2020|Any CPU.Build.0 = 2020|Any CPU
		{0A89A8DD-10C0-40D0-8225-12CAE6DF19B2}.2020|x64.ActiveCfg = Release|x64
		{0A89A8DD-10C0-40D0-8225-12CAE6DF19B2}.2020|x64.Build.0 = Release|x64
		{0A89A8DD-10C0-40D0-8225-12CAE6DF19B2}.2021|Any CPU.ActiveCfg = 2021|Any CPU
		{0A89A8DD-10C0-40D0-8225-12CAE6DF19B2}.2021|Any CPU.Build.0 = 2021|Any CPU
		{0A89A8DD-10C0-40D0-8225-12CAE6DF19B2}.2021|x64.ActiveCfg = Release|x64
		{0A89A8DD-10C0-40D0-8225-12CAE6DF19B2}.2021|x64.Build.0 = Release|x64
		{0A89A8DD-10C0-40D0-8225-12CAE6DF19B2}.2022|Any CPU.ActiveCfg = 2022|Any CPU
		{0A89A8DD-10C0-40D0-8225-12CAE6DF19B2}.2022|Any CPU.Build.0 = 2022|Any CPU
		{0A89A8DD-10C0-40D0-8225-12CAE6DF19B2}.2022|x64.ActiveCfg = Release|x64
		{0A89A8DD-10C0-40D0-8225-12CAE6DF19B2}.2022|x64.Build.0 = Release|x64
		{0A89A8DD-10C0-40D0-8225-12CAE6DF19B2}.2023|Any CPU.ActiveCfg = 2023|Any CPU
		{0A89A8DD-10C0-40D0-8225-12CAE6DF19B2}.2023|Any CPU.Build.0 = 2023|Any CPU
		{0A89A8DD-10C0-40D0-8225-12CAE6DF19B2}.2023|x64.ActiveCfg = Release|x64
		{0A89A8DD-10C0-40D0-8225-12CAE6DF19B2}.2023|x64.Build.0 = Release|x64
		{0A89A8DD-10C0-40D0-8225-12CAE6DF19B2}.2024|Any CPU.ActiveCfg = 2024|Any CPU
		{0A89A8DD-10C0-40D0-8225-12CAE6DF19B2}.2024|Any CPU.Build.0 = 2024|Any CPU
		{0A89A8DD-10C0-40D0-8225-12CAE6DF19B2}.2024|x64.ActiveCfg = Release|x64
		{0A89A8DD-10C0-40D0-8225-12CAE6DF19B2}.2024|x64.Build.0 = Release|x64
		{C2A18941-D339-46C9-AAA7-448D4AAECACA}.2019|Any CPU.ActiveCfg = 2019|Any CPU
		{C2A18941-D339-46C9-AAA7-448D4AAECACA}.2019|Any CPU.Build.0 = 2019|Any CPU
		{C2A18941-D339-46C9-AAA7-448D4AAECACA}.2019|x64.ActiveCfg = 2019|Any CPU
		{C2A18941-D339-46C9-AAA7-448D4AAECACA}.2019|x64.Build.0 = 2019|Any CPU
		{C2A18941-D339-46C9-AAA7-448D4AAECACA}.2020|Any CPU.ActiveCfg = 2020|Any CPU
		{C2A18941-D339-46C9-AAA7-448D4AAECACA}.2020|Any CPU.Build.0 = 2020|Any CPU
		{C2A18941-D339-46C9-AAA7-448D4AAECACA}.2020|x64.ActiveCfg = 2020|Any CPU
		{C2A18941-D339-46C9-AAA7-448D4AAECACA}.2020|x64.Build.0 = 2020|Any CPU
		{C2A18941-D339-46C9-AAA7-448D4AAECACA}.2021|Any CPU.ActiveCfg = 2021|Any CPU
		{C2A18941-D339-46C9-AAA7-448D4AAECACA}.2021|Any CPU.Build.0 = 2021|Any CPU
		{C2A18941-D339-46C9-AAA7-448D4AAECACA}.2021|x64.ActiveCfg = 2021|Any CPU
		{C2A18941-D339-46C9-AAA7-448D4AAECACA}.2021|x64.Build.0 = 2021|Any CPU
		{C2A18941-D339-46C9-AAA7-448D4AAECACA}.2022|Any CPU.ActiveCfg = 2022|Any CPU
		{C2A18941-D339-46C9-AAA7-448D4AAECACA}.2022|Any CPU.Build.0 = 2022|Any CPU
		{C2A18941-D339-46C9-AAA7-448D4AAECACA}.2022|x64.ActiveCfg = 2022|Any CPU
		{C2A18941-D339-46C9-AAA7-448D4AAECACA}.2022|x64.Build.0 = 2022|Any CPU
		{C2A18941-D339-46C9-AAA7-448D4AAECACA}.2023|Any CPU.ActiveCfg = 2023|Any CPU
		{C2A18941-D339-46C9-AAA7-448D4AAECACA}.2023|Any CPU.Build.0 = 2023|Any CPU
		{C2A18941-D339-46C9-AAA7-448D4AAECACA}.2023|x64.ActiveCfg = 2023|Any CPU
		{C2A18941-D339-46C9-AAA7-448D4AAECACA}.2023|x64.Build.0 = 2023|Any CPU
		{C2A18941-D339-46C9-AAA7-448D4AAECACA}.2024|Any CPU.ActiveCfg = 2024|Any CPU
		{C2A18941-D339-46C9-AAA7-448D4AAECACA}.2024|Any CPU.Build.0 = 2024|Any CPU
		{C2A18941-D339-46C9-AAA7-448D4AAECACA}.2024|x64.ActiveCfg = 2024|Any CPU
		{C2A18941-D339-46C9-AAA7-448D4AAECACA}.2024|x64.Build.0 = 2024|Any CPU
		{FE13950C-D0D5-4AB2-8461-A6AEA482A35D}.2019|Any CPU.ActiveCfg = 2019|Any CPU
		{FE13950C-D0D5-4AB2-8461-A6AEA482A35D}.2019|Any CPU.Build.0 = 2019|Any CPU
		{FE13950C-D0D5-4AB2-8461-A6AEA482A35D}.2019|x64.ActiveCfg = 2019|Any CPU
		{FE13950C-D0D5-4AB2-8461-A6AEA482A35D}.2019|x64.Build.0 = 2019|Any CPU
		{FE13950C-D0D5-4AB2-8461-A6AEA482A35D}.2020|Any CPU.ActiveCfg = 2020|Any CPU
		{FE13950C-D0D5-4AB2-8461-A6AEA482A35D}.2020|Any CPU.Build.0 = 2020|Any CPU
		{FE13950C-D0D5-4AB2-8461-A6AEA482A35D}.2020|x64.ActiveCfg = 2020|Any CPU
		{FE13950C-D0D5-4AB2-8461-A6AEA482A35D}.2020|x64.Build.0 = 2020|Any CPU
		{FE13950C-D0D5-4AB2-8461-A6AEA482A35D}.2021|Any CPU.ActiveCfg = 2021|Any CPU
		{FE13950C-D0D5-4AB2-8461-A6AEA482A35D}.2021|Any CPU.Build.0 = 2021|Any CPU
		{FE13950C-D0D5-4AB2-8461-A6AEA482A35D}.2021|x64.ActiveCfg = 2021|Any CPU
		{FE13950C-D0D5-4AB2-8461-A6AEA482A35D}.2021|x64.Build.0 = 2021|Any CPU
		{FE13950C-D0D5-4AB2-8461-A6AEA482A35D}.2022|Any CPU.ActiveCfg = 2022|Any CPU
		{FE13950C-D0D5-4AB2-8461-A6AEA482A35D}.2022|Any CPU.Build.0 = 2022|Any CPU
		{FE13950C-D0D5-4AB2-8461-A6AEA482A35D}.2022|x64.ActiveCfg = 2022|Any CPU
		{FE13950C-D0D5-4AB2-8461-A6AEA482A35D}.2022|x64.Build.0 = 2022|Any CPU
		{FE13950C-D0D5-4AB2-8461-A6AEA482A35D}.2023|Any CPU.ActiveCfg = 2023|Any CPU
		{FE13950C-D0D5-4AB2-8461-A6AEA482A35D}.2023|Any CPU.Build.0 = 2023|Any CPU
		{FE13950C-D0D5-4AB2-8461-A6AEA482A35D}.2023|x64.ActiveCfg = 2023|Any CPU
		{FE13950C-D0D5-4AB2-8461-A6AEA482A35D}.2023|x64.Build.0 = 2023|Any CPU
		{FE13950C-D0D5-4AB2-8461-A6AEA482A35D}.2024|Any CPU.ActiveCfg = 2024|Any CPU
		{FE13950C-D0D5-4AB2-8461-A6AEA482A35D}.2024|Any CPU.Build.0 = 2024|Any CPU
		{FE13950C-D0D5-4AB2-8461-A6AEA482A35D}.2024|x64.ActiveCfg = 2024|Any CPU
		{FE13950C-D0D5-4AB2-8461-A6AEA482A35D}.2024|x64.Build.0 = 2024|Any CPU
	EndGlobalSection
	GlobalSection(SolutionProperties) = preSolution
		HideSolutionNode = FALSE
	EndGlobalSection
	GlobalSection(ExtensibilityGlobals) = postSolution
		SolutionGuid = {F3AC590B-6D64-4FF6-B273-ACDE66559508}
	EndGlobalSection
	GlobalSection(SharedMSBuildProjectFiles) = preSolution
		TrudeImporter\TrudeImporter.projitems*{0a89a8dd-10c0-40d0-8225-12cae6df19b2}*SharedItemsImports = 5
		TrudeImporter\TrudeImporter.projitems*{32cc7e8c-1571-4044-9eb7-4d662c104917}*SharedItemsImports = 13
		TrudeImporter\TrudeImporter.projitems*{8554e5c2-b113-4298-8af3-fcb0bc6251e8}*SharedItemsImports = 5
		TrudeSerializer\TrudeSerializer.projitems*{8554e5c2-b113-4298-8af3-fcb0bc6251e8}*SharedItemsImports = 5
		TrudeSerializer\TrudeSerializer.projitems*{8d197602-7456-410d-b7e9-a9069a7eae81}*SharedItemsImports = 13
		TrudeImporter\TrudeImporter.projitems*{fe13950c-d0d5-4ab2-8461-a6aea482a35d}*SharedItemsImports = 5
	EndGlobalSection
EndGlobal
